{
  "version": 4,
  "terraform_version": "0.12.26",
  "serial": 168,
  "lineage": "793ace1d-95ad-4811-8ebe-1d0c9a45a19b",
  "outputs": {
    "Public_ip": {
      "value": "52.183.90.42",
      "type": "string"
    }
  },
  "resources": [
    {
      "mode": "managed",
      "type": "azurerm_marketplace_agreement",
      "name": "checkpoint",
      "provider": "provider.azurerm",
      "instances": [
        {
          "schema_version": 0,
          "attributes": {
            "id": "/subscriptions/07da7b3e-7762-4c87-91f3-1ac1edc099e8/providers/Microsoft.MarketplaceOrdering/agreements/checkpoint/offers/check-point-cg-r8040/plans/mgmt-byol",
            "license_text_link": "https://storelegalterms.blob.core.windows.net/legalterms/3E5ED_legalterms_CHECKPOINT%253a24CHECK%253a2DPOINT%253a2DCG%253a2DR8040%253a24MGMT%253a2DBYOL%253a24YPVN7TH4EWLULYE77H3UF3MFINBRSEG67COAECK5FLVI73B664OASTS2ZU3LNNUFWZDPFMVW6XZPVUKNHG7FSRHXR26XYIF35F66EAA.txt",
            "offer": "check-point-cg-r8040",
            "plan": "mgmt-byol",
            "privacy_policy_link": "http://www.checkpoint.com/privacy",
            "publisher": "checkpoint"
          },
          "private": "bnVsbA=="
        }
      ]
    },
    {
      "mode": "managed",
      "type": "azurerm_network_interface",
      "name": "cp-mgmt-external",
      "provider": "provider.azurerm",
      "instances": [
        {
          "schema_version": 0,
          "attributes": {
            "applied_dns_servers": [],
            "dns_servers": [],
            "enable_accelerated_networking": false,
            "enable_ip_forwarding": true,
            "id": "/subscriptions/07da7b3e-7762-4c87-91f3-1ac1edc099e8/resourceGroups/cp-mgmt-rg/providers/Microsoft.Network/networkInterfaces/cp-mgmt-external",
            "internal_dns_name_label": "",
            "internal_fqdn": "",
            "ip_configuration": [
              {
                "application_gateway_backend_address_pools_ids": [],
                "application_security_group_ids": [],
                "load_balancer_backend_address_pools_ids": [],
                "load_balancer_inbound_nat_rules_ids": [],
                "name": "cp-mgmt-public-ip-config",
                "primary": true,
                "private_ip_address": "10.1.0.10",
                "private_ip_address_allocation": "static",
                "private_ip_address_version": "IPv4",
                "public_ip_address_id": "/subscriptions/07da7b3e-7762-4c87-91f3-1ac1edc099e8/resourceGroups/cp-mgmt-rg/providers/Microsoft.Network/publicIPAddresses/cp-mgmt-public-ip",
                "subnet_id": "/subscriptions/07da7b3e-7762-4c87-91f3-1ac1edc099e8/resourceGroups/cp-mgmt-rg/providers/Microsoft.Network/virtualNetworks/MikeNet-cp-mgmt-vnet/subnets/MikeNet-cp-mgmt-subnet"
              }
            ],
            "location": "westus2",
            "mac_address": "",
            "name": "cp-mgmt-external",
            "network_security_group_id": "",
            "private_ip_address": "10.1.0.10",
            "private_ip_addresses": [
              "10.1.0.10"
            ],
            "resource_group_name": "cp-mgmt-rg",
            "tags": {},
            "virtual_machine_id": null
          },
          "private": "bnVsbA==",
          "dependencies": [
            "azurerm_public_ip.cp-mgmt-public-ip",
            "azurerm_resource_group.cp-mgmt-rg",
            "azurerm_subnet.cp-mgmt-subnet",
            "azurerm_virtual_network.cp-mgmt-network-vnet"
          ]
        }
      ]
    },
    {
      "mode": "managed",
      "type": "azurerm_network_security_group",
      "name": "cp-gw-rg",
      "provider": "provider.azurerm",
      "instances": [
        {
          "schema_version": 0,
          "attributes": {
            "id": "/subscriptions/07da7b3e-7762-4c87-91f3-1ac1edc099e8/resourceGroups/cp-gw-rg/providers/Microsoft.Network/networkSecurityGroups/cp-gw-nsg",
            "location": "westus2",
            "name": "cp-gw-nsg",
            "resource_group_name": "cp-gw-rg",
            "security_rule": [
              {
                "access": "Allow",
                "description": "Any",
                "destination_address_prefix": "*",
                "destination_address_prefixes": [],
                "destination_application_security_group_ids": [],
                "destination_port_range": "*",
                "destination_port_ranges": [],
                "direction": "Inbound",
                "name": "Any",
                "priority": 100,
                "protocol": "Tcp",
                "source_address_prefix": "Internet",
                "source_address_prefixes": [],
                "source_application_security_group_ids": [],
                "source_port_range": "*",
                "source_port_ranges": []
              }
            ],
            "tags": {
              "environment": "Staging"
            }
          },
          "private": "bnVsbA==",
          "dependencies": [
            "azurerm_resource_group.cp-gw-rg"
          ]
        }
      ]
    },
    {
      "mode": "managed",
      "type": "azurerm_network_security_group",
      "name": "cp-mgmt-nsg",
      "provider": "provider.azurerm",
      "instances": [
        {
          "schema_version": 0,
          "attributes": {
            "id": "/subscriptions/07da7b3e-7762-4c87-91f3-1ac1edc099e8/resourceGroups/cp-mgmt-rg/providers/Microsoft.Network/networkSecurityGroups/cp-mgmt-nsg",
            "location": "westus2",
            "name": "cp-mgmt-nsg",
            "resource_group_name": "cp-mgmt-rg",
            "security_rule": [
              {
                "access": "Allow",
                "description": "CRL-fetch",
                "destination_address_prefix": "*",
                "destination_address_prefixes": [],
                "destination_application_security_group_ids": [],
                "destination_port_range": "18191",
                "destination_port_ranges": [],
                "direction": "Inbound",
                "name": "CRL-fetch",
                "priority": 160,
                "protocol": "Tcp",
                "source_address_prefix": "*",
                "source_address_prefixes": [],
                "source_application_security_group_ids": [],
                "source_port_range": "*",
                "source_port_ranges": []
              },
              {
                "access": "Allow",
                "description": "GAiA-portal",
                "destination_address_prefix": "*",
                "destination_address_prefixes": [],
                "destination_application_security_group_ids": [],
                "destination_port_range": "443",
                "destination_port_ranges": [],
                "direction": "Inbound",
                "name": "GAiA-portal",
                "priority": 110,
                "protocol": "Tcp",
                "source_address_prefix": "Internet",
                "source_address_prefixes": [],
                "source_application_security_group_ids": [],
                "source_port_range": "*",
                "source_port_ranges": []
              },
              {
                "access": "Allow",
                "description": "ICA-pull",
                "destination_address_prefix": "*",
                "destination_address_prefixes": [],
                "destination_application_security_group_ids": [],
                "destination_port_range": "18210",
                "destination_port_ranges": [],
                "direction": "Inbound",
                "name": "ICA-pull",
                "priority": 150,
                "protocol": "Tcp",
                "source_address_prefix": "*",
                "source_address_prefixes": [],
                "source_application_security_group_ids": [],
                "source_port_range": "*",
                "source_port_ranges": []
              },
              {
                "access": "Allow",
                "description": "Logs",
                "destination_address_prefix": "*",
                "destination_address_prefixes": [],
                "destination_application_security_group_ids": [],
                "destination_port_range": "257",
                "destination_port_ranges": [],
                "direction": "Inbound",
                "name": "Logs",
                "priority": 140,
                "protocol": "Tcp",
                "source_address_prefix": "*",
                "source_address_prefixes": [],
                "source_application_security_group_ids": [],
                "source_port_range": "*",
                "source_port_ranges": []
              },
              {
                "access": "Allow",
                "description": "SmartConsole-1",
                "destination_address_prefix": "*",
                "destination_address_prefixes": [],
                "destination_application_security_group_ids": [],
                "destination_port_range": "18190",
                "destination_port_ranges": [],
                "direction": "Inbound",
                "name": "SmartConsole-1",
                "priority": 120,
                "protocol": "Tcp",
                "source_address_prefix": "Internet",
                "source_address_prefixes": [],
                "source_application_security_group_ids": [],
                "source_port_range": "*",
                "source_port_ranges": []
              },
              {
                "access": "Allow",
                "description": "SmartConsole-2",
                "destination_address_prefix": "*",
                "destination_address_prefixes": [],
                "destination_application_security_group_ids": [],
                "destination_port_range": "19009",
                "destination_port_ranges": [],
                "direction": "Inbound",
                "name": "SmartConsole-2",
                "priority": 130,
                "protocol": "Tcp",
                "source_address_prefix": "Internet",
                "source_address_prefixes": [],
                "source_application_security_group_ids": [],
                "source_port_range": "*",
                "source_port_ranges": []
              },
              {
                "access": "Allow",
                "description": "allow-ssh",
                "destination_address_prefix": "*",
                "destination_address_prefixes": [],
                "destination_application_security_group_ids": [],
                "destination_port_range": "22",
                "destination_port_ranges": [],
                "direction": "Inbound",
                "name": "SSH",
                "priority": 100,
                "protocol": "Tcp",
                "source_address_prefix": "Internet",
                "source_address_prefixes": [],
                "source_application_security_group_ids": [],
                "source_port_range": "*",
                "source_port_ranges": []
              }
            ],
            "tags": {
              "environment": "Staging"
            }
          },
          "private": "bnVsbA==",
          "dependencies": [
            "azurerm_resource_group.cp-mgmt-rg"
          ]
        }
      ]
    },
    {
      "mode": "managed",
      "type": "azurerm_network_security_group",
      "name": "cp-vm-nsg",
      "provider": "provider.azurerm",
      "instances": [
        {
          "schema_version": 0,
          "attributes": {
            "id": "/subscriptions/07da7b3e-7762-4c87-91f3-1ac1edc099e8/resourceGroups/cp-vm-rg/providers/Microsoft.Network/networkSecurityGroups/cp-vm-nsg",
            "location": "westus2",
            "name": "cp-vm-nsg",
            "resource_group_name": "cp-vm-rg",
            "security_rule": [
              {
                "access": "Allow",
                "description": "allow-http",
                "destination_address_prefix": "*",
                "destination_address_prefixes": [],
                "destination_application_security_group_ids": [],
                "destination_port_range": "80",
                "destination_port_ranges": [],
                "direction": "Inbound",
                "name": "allow-http",
                "priority": 110,
                "protocol": "Tcp",
                "source_address_prefix": "Internet",
                "source_address_prefixes": [],
                "source_application_security_group_ids": [],
                "source_port_range": "*",
                "source_port_ranges": []
              },
              {
                "access": "Allow",
                "description": "allow-ssh",
                "destination_address_prefix": "*",
                "destination_address_prefixes": [],
                "destination_application_security_group_ids": [],
                "destination_port_range": "22",
                "destination_port_ranges": [],
                "direction": "Inbound",
                "name": "allow-ssh",
                "priority": 100,
                "protocol": "Tcp",
                "source_address_prefix": "Internet",
                "source_address_prefixes": [],
                "source_application_security_group_ids": [],
                "source_port_range": "*",
                "source_port_ranges": []
              }
            ],
            "tags": {
              "environment": "Staging"
            }
          },
          "private": "bnVsbA==",
          "dependencies": [
            "azurerm_resource_group.cp-vm-rg"
          ]
        }
      ]
    },
    {
      "mode": "managed",
      "type": "azurerm_public_ip",
      "name": "cp-mgmt-public-ip",
      "provider": "provider.azurerm",
      "instances": [
        {
          "schema_version": 0,
          "attributes": {
            "allocation_method": "Static",
            "domain_name_label": null,
            "fqdn": null,
            "id": "/subscriptions/07da7b3e-7762-4c87-91f3-1ac1edc099e8/resourceGroups/cp-mgmt-rg/providers/Microsoft.Network/publicIPAddresses/cp-mgmt-public-ip",
            "idle_timeout_in_minutes": 4,
            "ip_address": "52.183.90.42",
            "ip_version": "IPv4",
            "location": "westus2",
            "name": "cp-mgmt-public-ip",
            "public_ip_address_allocation": "Static",
            "public_ip_prefix_id": null,
            "resource_group_name": "cp-mgmt-rg",
            "reverse_fqdn": null,
            "sku": "Basic",
            "tags": {},
            "zones": null
          },
          "private": "bnVsbA==",
          "dependencies": [
            "azurerm_resource_group.cp-mgmt-rg"
          ]
        }
      ]
    },
    {
      "mode": "managed",
      "type": "azurerm_resource_group",
      "name": "cp-gw-rg",
      "provider": "provider.azurerm",
      "instances": [
        {
          "schema_version": 0,
          "attributes": {
            "id": "/subscriptions/07da7b3e-7762-4c87-91f3-1ac1edc099e8/resourceGroups/cp-gw-rg",
            "location": "westus2",
            "name": "cp-gw-rg",
            "tags": {}
          },
          "private": "bnVsbA=="
        }
      ]
    },
    {
      "mode": "managed",
      "type": "azurerm_resource_group",
      "name": "cp-mgmt-rg",
      "provider": "provider.azurerm",
      "instances": [
        {
          "schema_version": 0,
          "attributes": {
            "id": "/subscriptions/07da7b3e-7762-4c87-91f3-1ac1edc099e8/resourceGroups/cp-mgmt-rg",
            "location": "westus2",
            "name": "cp-mgmt-rg",
            "tags": {}
          },
          "private": "bnVsbA=="
        }
      ]
    },
    {
      "mode": "managed",
      "type": "azurerm_resource_group",
      "name": "cp-vm-rg",
      "provider": "provider.azurerm",
      "instances": [
        {
          "schema_version": 0,
          "attributes": {
            "id": "/subscriptions/07da7b3e-7762-4c87-91f3-1ac1edc099e8/resourceGroups/cp-vm-rg",
            "location": "westus2",
            "name": "cp-vm-rg",
            "tags": {}
          },
          "private": "bnVsbA=="
        }
      ]
    },
    {
      "mode": "managed",
      "type": "azurerm_storage_account",
      "name": "cp-mgmt-storage-account",
      "provider": "provider.azurerm",
      "instances": [
        {
          "schema_version": 2,
          "attributes": {
            "access_tier": "",
            "account_encryption_source": "Microsoft.Storage",
            "account_kind": "Storage",
            "account_replication_type": "LRS",
            "account_tier": "Standard",
            "account_type": "Standard_LRS",
            "blob_properties": [
              {
                "delete_retention_policy": []
              }
            ],
            "custom_domain": [],
            "enable_advanced_threat_protection": false,
            "enable_blob_encryption": true,
            "enable_file_encryption": true,
            "enable_https_traffic_only": false,
            "id": "/subscriptions/07da7b3e-7762-4c87-91f3-1ac1edc099e8/resourceGroups/cp-mgmt-rg/providers/Microsoft.Storage/storageAccounts/diaga47dd994dff03468",
            "identity": [],
            "is_hns_enabled": false,
            "location": "westus2",
            "name": "diaga47dd994dff03468",
            "network_rules": [
              {
                "bypass": [
                  "AzureServices"
                ],
                "default_action": "Allow",
                "ip_rules": [],
                "virtual_network_subnet_ids": []
              }
            ],
            "primary_access_key": "j0pQA7Tu0ROPuCLAnzoyVZC+agY2J0iYQRC4sZlNVh99HBnYV0opqOEW6WU6g0ovFp0gQxYShNzNJEOppRdhkA==",
            "primary_blob_connection_string": "DefaultEndpointsProtocol=https;BlobEndpoint=https://diaga47dd994dff03468.blob.core.windows.net/;AccountName=diaga47dd994dff03468;AccountKey=j0pQA7Tu0ROPuCLAnzoyVZC+agY2J0iYQRC4sZlNVh99HBnYV0opqOEW6WU6g0ovFp0gQxYShNzNJEOppRdhkA==",
            "primary_blob_endpoint": "https://diaga47dd994dff03468.blob.core.windows.net/",
            "primary_blob_host": "diaga47dd994dff03468.blob.core.windows.net",
            "primary_connection_string": "DefaultEndpointsProtocol=https;AccountName=diaga47dd994dff03468;AccountKey=j0pQA7Tu0ROPuCLAnzoyVZC+agY2J0iYQRC4sZlNVh99HBnYV0opqOEW6WU6g0ovFp0gQxYShNzNJEOppRdhkA==;EndpointSuffix=core.windows.net",
            "primary_dfs_endpoint": "",
            "primary_dfs_host": "",
            "primary_file_endpoint": "https://diaga47dd994dff03468.file.core.windows.net/",
            "primary_file_host": "diaga47dd994dff03468.file.core.windows.net",
            "primary_location": "westus2",
            "primary_queue_endpoint": "https://diaga47dd994dff03468.queue.core.windows.net/",
            "primary_queue_host": "diaga47dd994dff03468.queue.core.windows.net",
            "primary_table_endpoint": "https://diaga47dd994dff03468.table.core.windows.net/",
            "primary_table_host": "diaga47dd994dff03468.table.core.windows.net",
            "primary_web_endpoint": "",
            "primary_web_host": "",
            "queue_properties": [
              {
                "cors_rule": [],
                "hour_metrics": [
                  {
                    "enabled": true,
                    "include_apis": true,
                    "retention_policy_days": 7,
                    "version": "1.0"
                  }
                ],
                "logging": [
                  {
                    "delete": false,
                    "read": false,
                    "retention_policy_days": 0,
                    "version": "1.0",
                    "write": false
                  }
                ],
                "minute_metrics": [
                  {
                    "enabled": false,
                    "include_apis": false,
                    "retention_policy_days": 0,
                    "version": "1.0"
                  }
                ]
              }
            ],
            "resource_group_name": "cp-mgmt-rg",
            "secondary_access_key": "wBNsK2hcAoKYqrcK8Wq5as12wPlkjq0IQbE1pvykZ1hSMkLF/U9eK+H+NKB5tTiAXR2bA8uYFAZko9m/RPb8jw==",
            "secondary_blob_connection_string": "",
            "secondary_blob_endpoint": null,
            "secondary_blob_host": null,
            "secondary_connection_string": "DefaultEndpointsProtocol=https;AccountName=diaga47dd994dff03468;AccountKey=wBNsK2hcAoKYqrcK8Wq5as12wPlkjq0IQbE1pvykZ1hSMkLF/U9eK+H+NKB5tTiAXR2bA8uYFAZko9m/RPb8jw==;EndpointSuffix=core.windows.net",
            "secondary_dfs_endpoint": null,
            "secondary_dfs_host": null,
            "secondary_file_endpoint": null,
            "secondary_file_host": null,
            "secondary_location": "",
            "secondary_queue_endpoint": null,
            "secondary_queue_host": null,
            "secondary_table_endpoint": null,
            "secondary_table_host": null,
            "secondary_web_endpoint": null,
            "secondary_web_host": null,
            "tags": {}
          },
          "private": "eyJzY2hlbWFfdmVyc2lvbiI6IjIifQ==",
          "dependencies": [
            "azurerm_resource_group.cp-mgmt-rg",
            "random_id.randomId"
          ]
        }
      ]
    },
    {
      "mode": "managed",
      "type": "azurerm_subnet",
      "name": "cp-mgmt-subnet",
      "provider": "provider.azurerm",
      "instances": [
        {
          "schema_version": 0,
          "attributes": {
            "address_prefix": "10.1.0.0/24",
            "delegation": [],
            "enforce_private_link_endpoint_network_policies": false,
            "enforce_private_link_service_network_policies": false,
            "id": "/subscriptions/07da7b3e-7762-4c87-91f3-1ac1edc099e8/resourceGroups/cp-mgmt-rg/providers/Microsoft.Network/virtualNetworks/MikeNet-cp-mgmt-vnet/subnets/MikeNet-cp-mgmt-subnet",
            "ip_configurations": [],
            "name": "MikeNet-cp-mgmt-subnet",
            "network_security_group_id": "",
            "resource_group_name": "cp-mgmt-rg",
            "route_table_id": "",
            "service_endpoints": null,
            "virtual_network_name": "MikeNet-cp-mgmt-vnet"
          },
          "private": "bnVsbA==",
          "dependencies": [
            "azurerm_resource_group.cp-mgmt-rg",
            "azurerm_virtual_network.cp-mgmt-network-vnet"
          ]
        }
      ]
    },
    {
      "mode": "managed",
      "type": "azurerm_virtual_machine",
      "name": "cp-mgmt",
      "provider": "provider.azurerm",
      "instances": [
        {
          "schema_version": 0,
          "attributes": {
            "additional_capabilities": [],
            "availability_set_id": null,
            "boot_diagnostics": [
              {
                "enabled": true,
                "storage_uri": "https://diaga47dd994dff03468.blob.core.windows.net/"
              }
            ],
            "delete_data_disks_on_termination": false,
            "delete_os_disk_on_termination": false,
            "id": "/subscriptions/07da7b3e-7762-4c87-91f3-1ac1edc099e8/resourceGroups/cp-mgmt-rg/providers/Microsoft.Compute/virtualMachines/MikeNet-cp-mgmt",
            "identity": [],
            "license_type": null,
            "location": "westus2",
            "name": "MikeNet-cp-mgmt",
            "network_interface_ids": [
              "/subscriptions/07da7b3e-7762-4c87-91f3-1ac1edc099e8/resourceGroups/cp-mgmt-rg/providers/Microsoft.Network/networkInterfaces/cp-mgmt-external"
            ],
            "os_profile": [
              {
                "admin_password": "Vpn123vpn123!",
                "admin_username": "azureuser",
                "computer_name": "MikeNet-cp-mgmt",
                "custom_data": "a0a7d3e174075556528989df80d70afb39971afc"
              }
            ],
            "os_profile_linux_config": [
              {
                "disable_password_authentication": false,
                "ssh_keys": []
              }
            ],
            "os_profile_secrets": [],
            "os_profile_windows_config": [],
            "plan": [
              {
                "name": "mgmt-byol",
                "product": "check-point-cg-r8040",
                "publisher": "checkpoint"
              }
            ],
            "primary_network_interface_id": "/subscriptions/07da7b3e-7762-4c87-91f3-1ac1edc099e8/resourceGroups/cp-mgmt-rg/providers/Microsoft.Network/networkInterfaces/cp-mgmt-external",
            "proximity_placement_group_id": null,
            "resource_group_name": "cp-mgmt-rg",
            "storage_data_disk": [],
            "storage_image_reference": [
              {
                "id": "",
                "offer": "check-point-cg-r8040",
                "publisher": "checkpoint",
                "sku": "mgmt-byol",
                "version": "latest"
              }
            ],
            "storage_os_disk": [
              {
                "caching": "ReadWrite",
                "create_option": "FromImage",
                "disk_size_gb": 100,
                "image_uri": "",
                "managed_disk_id": "/subscriptions/07da7b3e-7762-4c87-91f3-1ac1edc099e8/resourceGroups/CP-MGMT-RG/providers/Microsoft.Compute/disks/cp-mgmt-disk",
                "managed_disk_type": "Standard_LRS",
                "name": "cp-mgmt-disk",
                "os_type": "Linux",
                "vhd_uri": "",
                "write_accelerator_enabled": false
              }
            ],
            "tags": {},
            "vm_size": "Standard_D4s_v3",
            "zones": null
          },
          "private": "bnVsbA==",
          "dependencies": [
            "azurerm_marketplace_agreement.checkpoint",
            "azurerm_network_interface.cp-mgmt-external",
            "azurerm_public_ip.cp-mgmt-public-ip",
            "azurerm_resource_group.cp-mgmt-rg",
            "azurerm_storage_account.cp-mgmt-storage-account",
            "azurerm_subnet.cp-mgmt-subnet",
            "azurerm_virtual_network.cp-mgmt-network-vnet",
            "random_id.randomId"
          ]
        }
      ]
    },
    {
      "mode": "managed",
      "type": "azurerm_virtual_network",
      "name": "cp-mgmt-network-vnet",
      "provider": "provider.azurerm",
      "instances": [
        {
          "schema_version": 0,
          "attributes": {
            "address_space": [
              "10.1.0.0/16"
            ],
            "ddos_protection_plan": [],
            "dns_servers": null,
            "id": "/subscriptions/07da7b3e-7762-4c87-91f3-1ac1edc099e8/resourceGroups/cp-mgmt-rg/providers/Microsoft.Network/virtualNetworks/MikeNet-cp-mgmt-vnet",
            "location": "westus2",
            "name": "MikeNet-cp-mgmt-vnet",
            "resource_group_name": "cp-mgmt-rg",
            "subnet": [],
            "tags": {
              "application": "MikeNet",
              "environment": "Staging"
            }
          },
          "private": "bnVsbA==",
          "dependencies": [
            "azurerm_resource_group.cp-mgmt-rg"
          ]
        }
      ]
    },
    {
      "mode": "managed",
      "type": "random_id",
      "name": "randomId",
      "provider": "provider.random",
      "instances": [
        {
          "schema_version": 0,
          "attributes": {
            "b64": "pH3ZlN_wNGg",
            "b64_std": "pH3ZlN/wNGg=",
            "b64_url": "pH3ZlN_wNGg",
            "byte_length": 8,
            "dec": "11852869027744461928",
            "hex": "a47dd994dff03468",
            "id": "pH3ZlN_wNGg",
            "keepers": {
              "resource_group": "cp-mgmt-rg"
            },
            "prefix": null
          },
          "private": "bnVsbA==",
          "dependencies": [
            "azurerm_resource_group.cp-mgmt-rg"
          ]
        }
      ]
    }
  ]
}
